
Microsoft Visual Studio Solution File, Format Version 12.00
# Visual Studio 15
VisualStudioVersion = 15.0.28307.572
MinimumVisualStudioVersion = 10.0.40219.1
Project("{FAE04EC0-301F-11D3-BF4B-00C04F79EFBC}") = "ConsoleApp3", "ConsoleApp3\ConsoleApp3.csproj", "{8563A5E1-315B-4620-B96E-11809578D8CB}"
EndProject
Global
	GlobalSection(SolutionConfigurationPlatforms) = preSolution
		Debug|Any CPU = Debug|Any CPU
		Release|Any CPU = Release|Any CPU
	EndGlobalSection
	GlobalSection(ProjectConfigurationPlatforms) = postSolution
		{8563A5E1-315B-4620-B96E-11809578D8CB}.Debug|Any CPU.ActiveCfg = Debug|Any CPU
		{8563A5E1-315B-4620-B96E-11809578D8CB}.Debug|Any CPU.Build.0 = Debug|Any CPU
		{8563A5E1-315B-4620-B96E-11809578D8CB}.Release|Any CPU.ActiveCfg = Release|Any CPU
		{8563A5E1-315B-4620-B96E-11809578D8CB}.Release|Any CPU.Build.0 = Release|Any CPU
	EndGlobalSection
	GlobalSection(SolutionProperties) = preSolution
		HideSolutionNode = FALSE
	EndGlobalSection
	GlobalSection(ExtensibilityGlobals) = postSolution
		SolutionGuid = {D942B82C-0310-4B42-975C-35824BEA4746}
	EndGlobalSection
EndGlobal
